
Microsoft Visual Studio Solution File, Format Version 12.00
# Visual Studio Version 16
VisualStudioVersion = 16.0.30104.148
MinimumVisualStudioVersion = 10.0.40219.1
Project("{9A19103F-16F7-4668-BE54-9A1E7A4F7556}") = "ANewApocalypsis", "ANewApocalypsis.csproj", "{AEFA4DBB-6524-4F08-AA25-F0D040FF6CB8}"
EndProject
Global
	GlobalSection(SolutionConfigurationPlatforms) = preSolution
		Debug|Any CPU = Debug|Any CPU
		Release|Any CPU = Release|Any CPU
	EndGlobalSection
	GlobalSection(ProjectConfigurationPlatforms) = postSolution
		{AEFA4DBB-6524-4F08-AA25-F0D040FF6CB8}.Debug|Any CPU.ActiveCfg = Debug|Any CPU
		{AEFA4DBB-6524-4F08-AA25-F0D040FF6CB8}.Debug|Any CPU.Build.0 = Debug|Any CPU
		{AEFA4DBB-6524-4F08-AA25-F0D040FF6CB8}.Release|Any CPU.ActiveCfg = Release|Any CPU
		{AEFA4DBB-6524-4F08-AA25-F0D040FF6CB8}.Release|Any CPU.Build.0 = Release|Any CPU
	EndGlobalSection
	GlobalSection(SolutionProperties) = preSolution
		HideSolutionNode = FALSE
	EndGlobalSection
	GlobalSection(ExtensibilityGlobals) = postSolution
		SolutionGuid = {ED6B28FD-958F-4C98-9CBB-5736713F54D8}
	EndGlobalSection
EndGlobal
